// !$*UTF8*$!
{
	archiveVersion = 1;
	classes = {
	};
	objectVersion = 50;
	objects = {

/* Begin PBXBuildFile section */
		DEC92F5B2125047800DD65F1 /* Queue.swift in Sources */ = {isa = PBXBuildFile; fileRef = DEC92F552125047800DD65F1 /* Queue.swift */; };
		DEC92F5C2125047800DD65F1 /* SortableList.swift in Sources */ = {isa = PBXBuildFile; fileRef = DEC92F562125047800DD65F1 /* SortableList.swift */; };
		DEC92F5D2125047800DD65F1 /* Stack.swift in Sources */ = {isa = PBXBuildFile; fileRef = DEC92F572125047800DD65F1 /* Stack.swift */; };
		DEC92F5E2125047800DD65F1 /* Array.swift in Sources */ = {isa = PBXBuildFile; fileRef = DEC92F582125047800DD65F1 /* Array.swift */; };
		DEC92F5F2125047800DD65F1 /* LinkedList.swift in Sources */ = {isa = PBXBuildFile; fileRef = DEC92F592125047800DD65F1 /* LinkedList.swift */; };
		DEC92F602125047800DD65F1 /* main.swift in Sources */ = {isa = PBXBuildFile; fileRef = DEC92F5A2125047800DD65F1 /* main.swift */; };
/* End PBXBuildFile section */

/* Begin PBXCopyFilesBuildPhase section */
		DEC8B8DB2124FB0E0068A98B /* CopyFiles */ = {
			isa = PBXCopyFilesBuildPhase;
			buildActionMask = 2147483647;
			dstPath = /usr/share/man/man1/;
			dstSubfolderSpec = 0;
			files = (
			);
			runOnlyForDeploymentPostprocessing = 1;
		};
/* End PBXCopyFilesBuildPhase section */

/* Begin PBXFileReference section */
		DEC8B8DD2124FB0E0068A98B /* prog4.2 */ = {isa = PBXFileReference; explicitFileType = "compiled.mach-o.executable"; includeInIndex = 0; path = prog4.2; sourceTree = BUILT_PRODUCTS_DIR; };
		DEC92F552125047800DD65F1 /* Queue.swift */ = {isa = PBXFileReference; fileEncoding = 4; lastKnownFileType = sourcecode.swift; name = Queue.swift; path = ../../prog4.1/prog4.1/Queue.swift; sourceTree = "<group>"; };
		DEC92F562125047800DD65F1 /* SortableList.swift */ = {isa = PBXFileReference; fileEncoding = 4; lastKnownFileType = sourcecode.swift; name = SortableList.swift; path = ../../prog4.1/prog4.1/SortableList.swift; sourceTree = "<group>"; };
		DEC92F572125047800DD65F1 /* Stack.swift */ = {isa = PBXFileReference; fileEncoding = 4; lastKnownFileType = sourcecode.swift; name = Stack.swift; path = ../../prog4.1/prog4.1/Stack.swift; sourceTree = "<group>"; };
		DEC92F582125047800DD65F1 /* Array.swift */ = {isa = PBXFileReference; fileEncoding = 4; lastKnownFileType = sourcecode.swift; name = Array.swift; path = ../../prog4.1/prog4.1/Array.swift; sourceTree = "<group>"; };
		DEC92F592125047800DD65F1 /* LinkedList.swift */ = {isa = PBXFileReference; fileEncoding = 4; lastKnownFileType = sourcecode.swift; name = LinkedList.swift; path = ../../prog4.1/prog4.1/LinkedList.swift; sourceTree = "<group>"; };
		DEC92F5A2125047800DD65F1 /* main.swift */ = {isa = PBXFileReference; fileEncoding = 4; lastKnownFileType = sourcecode.swift; name = main.swift; path = ../../prog4.1/prog4.1/main.swift; sourceTree = "<group>"; };
/* End PBXFileReference section */

/* Begin PBXFrameworksBuildPhase section */
		DEC8B8DA2124FB0E0068A98B /* Frameworks */ = {
			isa = PBXFrameworksBuildPhase;
			buildActionMask = 2147483647;
			files = (
			);
			runOnlyForDeploymentPostprocessing = 0;
		};
/* End PBXFrameworksBuildPhase section */

/* Begin PBXGroup section */
		DEC8B8D42124FB0D0068A98B = {
			isa = PBXGroup;
			children = (
				DEC8B8DF2124FB0E0068A98B /* prog4.2 */,
				DEC8B8DE2124FB0E0068A98B /* Products */,
			);
			sourceTree = "<group>";
		};
		DEC8B8DE2124FB0E0068A98B /* Products */ = {
			isa = PBXGroup;
			children = (
				DEC8B8DD2124FB0E0068A98B /* prog4.2 */,
			);
			name = Products;
			sourceTree = "<group>";
		};
		DEC8B8DF2124FB0E0068A98B /* prog4.2 */ = {
			isa = PBXGroup;
			children = (
				DEC92F582125047800DD65F1 /* Array.swift */,
				DEC92F592125047800DD65F1 /* LinkedList.swift */,
				DEC92F5A2125047800DD65F1 /* main.swift */,
				DEC92F552125047800DD65F1 /* Queue.swift */,
				DEC92F562125047800DD65F1 /* SortableList.swift */,
				DEC92F572125047800DD65F1 /* Stack.swift */,
			);
			path = prog4.2;
			sourceTree = "<group>";
		};
/* End PBXGroup section */

/* Begin PBXNativeTarget section */
		DEC8B8DC2124FB0E0068A98B /* prog4.2 */ = {
			isa = PBXNativeTarget;
			buildConfigurationList = DEC8B8E42124FB0E0068A98B /* Build configuration list for PBXNativeTarget "prog4.2" */;
			buildPhases = (
				DEC8B8D92124FB0E0068A98B /* Sources */,
				DEC8B8DA2124FB0E0068A98B /* Frameworks */,
				DEC8B8DB2124FB0E0068A98B /* CopyFiles */,
			);
			buildRules = (
			);
			dependencies = (
			);
			name = prog4.2;
			productName = prog4.2;
			productReference = DEC8B8DD2124FB0E0068A98B /* prog4.2 */;
			productType = "com.apple.product-type.tool";
		};
/* End PBXNativeTarget section */

/* Begin PBXProject section */
		DEC8B8D52124FB0D0068A98B /* Project object */ = {
			isa = PBXProject;
			attributes = {
				LastSwiftUpdateCheck = 0940;
				LastUpgradeCheck = 0940;
				ORGANIZATIONNAME = "Johnathan Mann";
				TargetAttributes = {
					DEC8B8DC2124FB0E0068A98B = {
						CreatedOnToolsVersion = 9.4.1;
						LastSwiftMigration = 0940;
					};
				};
			};
			buildConfigurationList = DEC8B8D82124FB0D0068A98B /* Build configuration list for PBXProject "prog4.2" */;
			compatibilityVersion = "Xcode 9.3";
			developmentRegion = en;
			hasScannedForEncodings = 0;
			knownRegions = (
				en,
			);
			mainGroup = DEC8B8D42124FB0D0068A98B;
			productRefGroup = DEC8B8DE2124FB0E0068A98B /* Products */;
			projectDirPath = "";
			projectRoot = "";
			targets = (
				DEC8B8DC2124FB0E0068A98B /* prog4.2 */,
			);
		};
/* End PBXProject section */

/* Begin PBXSourcesBuildPhase section */
		DEC8B8D92124FB0E0068A98B /* Sources */ = {
			isa = PBXSourcesBuildPhase;
			buildActionMask = 2147483647;
			files = (
				DEC92F5B2125047800DD65F1 /* Queue.swift in Sources */,
				DEC92F5E2125047800DD65F1 /* Array.swift in Sources */,
				DEC92F602125047800DD65F1 /* main.swift in Sources */,
				DEC92F5F2125047800DD65F1 /* LinkedList.swift in Sources */,
				DEC92F5D2125047800DD65F1 /* Stack.swift in Sources */,
				DEC92F5C2125047800DD65F1 /* SortableList.swift in Sources */,
			);
			runOnlyForDeploymentPostprocessing = 0;
		};
/* End PBXSourcesBuildPhase section */

/* Begin XCBuildConfiguration section */
		DEC8B8E22124FB0E0068A98B /* Debug */ = {
			isa = XCBuildConfiguration;
			buildSettings = {
				ALWAYS_SEARCH_USER_PATHS = NO;
				CLANG_ANALYZER_NONNULL = YES;
				CLANG_ANALYZER_NUMBER_OBJECT_CONVERSION = YES_AGGRESSIVE;
				CLANG_CXX_LANGUAGE_STANDARD = "gnu++14";
				CLANG_CXX_LIBRARY = "libc++";
				CLANG_ENABLE_MODULES = YES;
				CLANG_ENABLE_OBJC_ARC = YES;
				CLANG_ENABLE_OBJC_WEAK = YES;
				CLANG_WARN_BLOCK_CAPTURE_AUTORELEASING = YES;
				CLANG_WARN_BOOL_CONVERSION = YES;
				CLANG_WARN_COMMA = YES;
				CLANG_WARN_CONSTANT_CONVERSION = YES;
				CLANG_WARN_DEPRECATED_OBJC_IMPLEMENTATIONS = YES;
				CLANG_WARN_DIRECT_OBJC_ISA_USAGE = YES_ERROR;
				CLANG_WARN_DOCUMENTATION_COMMENTS = YES;
				CLANG_WARN_EMPTY_BODY = YES;
				CLANG_WARN_ENUM_CONVERSION = YES;
				CLANG_WARN_INFINITE_RECURSION = YES;
				CLANG_WARN_INT_CONVERSION = YES;
				CLANG_WARN_NON_LITERAL_NULL_CONVERSION = YES;
				CLANG_WARN_OBJC_IMPLICIT_RETAIN_SELF = YES;
				CLANG_WARN_OBJC_LITERAL_CONVERSION = YES;
				CLANG_WARN_OBJC_ROOT_CLASS = YES_ERROR;
				CLANG_WARN_RANGE_LOOP_ANALYSIS = YES;
				CLANG_WARN_STRICT_PROTOTYPES = YES;
				CLANG_WARN_SUSPICIOUS_MOVE = YES;
				CLANG_WARN_UNGUARDED_AVAILABILITY = YES_AGGRESSIVE;
				CLANG_WARN_UNREACHABLE_CODE = YES;
				CLANG_WARN__DUPLICATE_METHOD_MATCH = YES;
				CODE_SIGN_IDENTITY = "-";
				COPY_PHASE_STRIP = NO;
				DEBUG_INFORMATION_FORMAT = dwarf;
				ENABLE_STRICT_OBJC_MSGSEND = YES;
				ENABLE_TESTABILITY = YES;
				GCC_C_LANGUAGE_STANDARD = gnu11;
				GCC_DYNAMIC_NO_PIC = NO;
				GCC_NO_COMMON_BLOCKS = YES;
				GCC_OPTIMIZATION_LEVEL = 0;
				GCC_PREPROCESSOR_DEFINITIONS = (
					"DEBUG=1",
					"$(inherited)",
				);
				GCC_WARN_64_TO_32_BIT_CONVERSION = YES;
				GCC_WARN_ABOUT_RETURN_TYPE = YES_ERROR;
				GCC_WARN_UNDECLARED_SELECTOR = YES;
				GCC_WARN_UNINITIALIZED_AUTOS = YES_AGGRESSIVE;
				GCC_WARN_UNUSED_FUNCTION = YES;
				GCC_WARN_UNUSED_VARIABLE = YES;
				MACOSX_DEPLOYMENT_TARGET = 10.13;
				MTL_ENABLE_DEBUG_INFO = YES;
				ONLY_ACTIVE_ARCH = YES;
				SDKROOT = macosx;
				SWIFT_ACTIVE_COMPILATION_CONDITIONS = DEBUG;
				SWIFT_OPTIMIZATION_LEVEL = "-Onone";
			};
			name = Debug;
		};
		DEC8B8E32124FB0E0068A98B /* Release */ = {
			isa = XCBuildConfiguration;
			buildSettings = {
				ALWAYS_SEARCH_USER_PATHS = NO;
				CLANG_ANALYZER_NONNULL = YES;
				CLANG_ANALYZER_NUMBER_OBJECT_CONVERSION = YES_AGGRESSIVE;
				CLANG_CXX_LANGUAGE_STANDARD = "gnu++14";
				CLANG_CXX_LIBRARY = "libc++";
				CLANG_ENABLE_MODULES = YES;
				CLANG_ENABLE_OBJC_ARC = YES;
				CLANG_ENABLE_OBJC_WEAK = YES;
				CLANG_WARN_BLOCK_CAPTURE_AUTORELEASING = YES;
				CLANG_WARN_BOOL_CONVERSION = YES;
				CLANG_WARN_COMMA = YES;
				CLANG_WARN_CONSTANT_CONVERSION = YES;
				CLANG_WARN_DEPRECATED_OBJC_IMPLEMENTATIONS = YES;
				CLANG_WARN_DIRECT_OBJC_ISA_USAGE = YES_ERROR;
				CLANG_WARN_DOCUMENTATION_COMMENTS = YES;
				CLANG_WARN_EMPTY_BODY = YES;
				CLANG_WARN_ENUM_CONVERSION = YES;
				CLANG_WARN_INFINITE_RECURSION = YES;
				CLANG_WARN_INT_CONVERSION = YES;
				CLANG_WARN_NON_LITERAL_NULL_CONVERSION = YES;
				CLANG_WARN_OBJC_IMPLICIT_RETAIN_SELF = YES;
				CLANG_WARN_OBJC_LITERAL_CONVERSION = YES;
				CLANG_WARN_OBJC_ROOT_CLASS = YES_ERROR;
				CLANG_WARN_RANGE_LOOP_ANALYSIS = YES;
				CLANG_WARN_STRICT_PROTOTYPES = YES;
				CLANG_WARN_SUSPICIOUS_MOVE = YES;
				CLANG_WARN_UNGUARDED_AVAILABILITY = YES_AGGRESSIVE;
				CLANG_WARN_UNREACHABLE_CODE = YES;
				CLANG_WARN__DUPLICATE_METHOD_MATCH = YES;
				CODE_SIGN_IDENTITY = "-";
				COPY_PHASE_STRIP = NO;
				DEBUG_INFORMATION_FORMAT = "dwarf-with-dsym";
				ENABLE_NS_ASSERTIONS = NO;
				ENABLE_STRICT_OBJC_MSGSEND = YES;
				GCC_C_LANGUAGE_STANDARD = gnu11;
				GCC_NO_COMMON_BLOCKS = YES;
				GCC_WARN_64_TO_32_BIT_CONVERSION = YES;
				GCC_WARN_ABOUT_RETURN_TYPE = YES_ERROR;
				GCC_WARN_UNDECLARED_SELECTOR = YES;
				GCC_WARN_UNINITIALIZED_AUTOS = YES_AGGRESSIVE;
				GCC_WARN_UNUSED_FUNCTION = YES;
				GCC_WARN_UNUSED_VARIABLE = YES;
				MACOSX_DEPLOYMENT_TARGET = 10.13;
				MTL_ENABLE_DEBUG_INFO = NO;
				SDKROOT = macosx;
				SWIFT_COMPILATION_MODE = wholemodule;
				SWIFT_OPTIMIZATION_LEVEL = "-O";
			};
			name = Release;
		};
		DEC8B8E52124FB0E0068A98B /* Debug */ = {
			isa = XCBuildConfiguration;
			buildSettings = {
				CLANG_ENABLE_MODULES = YES;
				CODE_SIGN_STYLE = Automatic;
				LD_RUNPATH_SEARCH_PATHS = (
					"$(inherited)",
					"@executable_path/../Frameworks",
					"@loader_path/../Frameworks",
				);
				PRODUCT_NAME = "$(TARGET_NAME)";
				SWIFT_OPTIMIZATION_LEVEL = "-Onone";
				SWIFT_VERSION = 4.0;
			};
			name = Debug;
		};
		DEC8B8E62124FB0E0068A98B /* Release */ = {
			isa = XCBuildConfiguration;
			buildSettings = {
				CLANG_ENABLE_MODULES = YES;
				CODE_SIGN_STYLE = Automatic;
				LD_RUNPATH_SEARCH_PATHS = (
					"$(inherited)",
					"@executable_path/../Frameworks",
					"@loader_path/../Frameworks",
				);
				PRODUCT_NAME = "$(TARGET_NAME)";
				SWIFT_VERSION = 4.0;
			};
			name = Release;
		};
/* End XCBuildConfiguration section */

/* Begin XCConfigurationList section */
		DEC8B8D82124FB0D0068A98B /* Build configuration list for PBXProject "prog4.2" */ = {
			isa = XCConfigurationList;
			buildConfigurations = (
				DEC8B8E22124FB0E0068A98B /* Debug */,
				DEC8B8E32124FB0E0068A98B /* Release */,
			);
			defaultConfigurationIsVisible = 0;
			defaultConfigurationName = Release;
		};
		DEC8B8E42124FB0E0068A98B /* Build configuration list for PBXNativeTarget "prog4.2" */ = {
			isa = XCConfigurationList;
			buildConfigurations = (
				DEC8B8E52124FB0E0068A98B /* Debug */,
				DEC8B8E62124FB0E0068A98B /* Release */,
			);
			defaultConfigurationIsVisible = 0;
			defaultConfigurationName = Release;
		};
/* End XCConfigurationList section */
	};
	rootObject = DEC8B8D52124FB0D0068A98B /* Project object */;
}
